
Microsoft Visual Studio Solution File, Format Version 12.00
# Visual Studio Version 17
VisualStudioVersion = 17.4.33205.214
MinimumVisualStudioVersion = 10.0.40219.1
Project("{FAE04EC0-301F-11D3-BF4B-00C04F79EFBC}") = "BenchUpskilling", "BenchUpskilling\BenchUpskilling.csproj", "{46B4E698-E512-44A0-89A1-C096950631DF}"
EndProject
Global
	GlobalSection(SolutionConfigurationPlatforms) = preSolution
		Debug|Any CPU = Debug|Any CPU
		Release|Any CPU = Release|Any CPU
	EndGlobalSection
	GlobalSection(ProjectConfigurationPlatforms) = postSolution
		{46B4E698-E512-44A0-89A1-C096950631DF}.Debug|Any CPU.ActiveCfg = Debug|Any CPU
		{46B4E698-E512-44A0-89A1-C096950631DF}.Debug|Any CPU.Build.0 = Debug|Any CPU
		{46B4E698-E512-44A0-89A1-C096950631DF}.Release|Any CPU.ActiveCfg = Release|Any CPU
		{46B4E698-E512-44A0-89A1-C096950631DF}.Release|Any CPU.Build.0 = Release|Any CPU
	EndGlobalSection
	GlobalSection(SolutionProperties) = preSolution
		HideSolutionNode = FALSE
	EndGlobalSection
	GlobalSection(ExtensibilityGlobals) = postSolution
		SolutionGuid = {DF40F442-A612-4FF7-9783-A661F04EBD12}
	EndGlobalSection
EndGlobal
